
Microsoft Visual Studio Solution File, Format Version 12.00
# Visual Studio Version 17
VisualStudioVersion = 17.0.31903.59
MinimumVisualStudioVersion = 10.0.40219.1
Project("{9A19103F-16F7-4668-BE54-9A1E7A4F7556}") = "qeynos", "qeynos\qeynos.csproj", "{09EFF571-8901-41D0-A2CF-6C6454417741}"
EndProject
Project("{9A19103F-16F7-4668-BE54-9A1E7A4F7556}") = "qeynos2", "qeynos2\qeynos2.csproj", "{291D4723-53F5-434B-845B-CABECE350FCE}"
EndProject
Project("{9A19103F-16F7-4668-BE54-9A1E7A4F7556}") = "common", "common\common.csproj", "{A4DBA7E1-4B37-4FFF-A795-05FC56B0D76B}"
EndProject
Project("{9A19103F-16F7-4668-BE54-9A1E7A4F7556}") = "global", "global\global.csproj", "{373F2BBA-DCAB-43CF-9B2C-8232A7ED00EA}"
EndProject
Project("{9A19103F-16F7-4668-BE54-9A1E7A4F7556}") = "freportw", "freportw\freportw.csproj", "{0DF402C9-6BFB-46C0-8ECC-F6359681E1C0}"
EndProject
Project("{9A19103F-16F7-4668-BE54-9A1E7A4F7556}") = "cshome", "cshome\cshome.csproj", "{C010074B-0435-4F7E-A104-34C829BD6EFF}"
EndProject
Global
	GlobalSection(SolutionConfigurationPlatforms) = preSolution
		Debug|Any CPU = Debug|Any CPU
		Release|Any CPU = Release|Any CPU
	EndGlobalSection
	GlobalSection(ProjectConfigurationPlatforms) = postSolution
		{09EFF571-8901-41D0-A2CF-6C6454417741}.Debug|Any CPU.ActiveCfg = Debug|Any CPU
		{09EFF571-8901-41D0-A2CF-6C6454417741}.Debug|Any CPU.Build.0 = Debug|Any CPU
		{09EFF571-8901-41D0-A2CF-6C6454417741}.Release|Any CPU.ActiveCfg = Release|Any CPU
		{09EFF571-8901-41D0-A2CF-6C6454417741}.Release|Any CPU.Build.0 = Release|Any CPU
		{291D4723-53F5-434B-845B-CABECE350FCE}.Debug|Any CPU.ActiveCfg = Debug|Any CPU
		{291D4723-53F5-434B-845B-CABECE350FCE}.Debug|Any CPU.Build.0 = Debug|Any CPU
		{291D4723-53F5-434B-845B-CABECE350FCE}.Release|Any CPU.ActiveCfg = Release|Any CPU
		{291D4723-53F5-434B-845B-CABECE350FCE}.Release|Any CPU.Build.0 = Release|Any CPU
		{A4DBA7E1-4B37-4FFF-A795-05FC56B0D76B}.Debug|Any CPU.ActiveCfg = Debug|Any CPU
		{A4DBA7E1-4B37-4FFF-A795-05FC56B0D76B}.Debug|Any CPU.Build.0 = Debug|Any CPU
		{A4DBA7E1-4B37-4FFF-A795-05FC56B0D76B}.Release|Any CPU.ActiveCfg = Release|Any CPU
		{A4DBA7E1-4B37-4FFF-A795-05FC56B0D76B}.Release|Any CPU.Build.0 = Release|Any CPU
		{373F2BBA-DCAB-43CF-9B2C-8232A7ED00EA}.Debug|Any CPU.ActiveCfg = Debug|Any CPU
		{373F2BBA-DCAB-43CF-9B2C-8232A7ED00EA}.Debug|Any CPU.Build.0 = Debug|Any CPU
		{373F2BBA-DCAB-43CF-9B2C-8232A7ED00EA}.Release|Any CPU.ActiveCfg = Release|Any CPU
		{373F2BBA-DCAB-43CF-9B2C-8232A7ED00EA}.Release|Any CPU.Build.0 = Release|Any CPU
		{0DF402C9-6BFB-46C0-8ECC-F6359681E1C0}.Debug|Any CPU.ActiveCfg = Debug|Any CPU
		{0DF402C9-6BFB-46C0-8ECC-F6359681E1C0}.Debug|Any CPU.Build.0 = Debug|Any CPU
		{0DF402C9-6BFB-46C0-8ECC-F6359681E1C0}.Release|Any CPU.ActiveCfg = Release|Any CPU
		{0DF402C9-6BFB-46C0-8ECC-F6359681E1C0}.Release|Any CPU.Build.0 = Release|Any CPU
		{C010074B-0435-4F7E-A104-34C829BD6EFF}.Debug|Any CPU.ActiveCfg = Debug|Any CPU
		{C010074B-0435-4F7E-A104-34C829BD6EFF}.Debug|Any CPU.Build.0 = Debug|Any CPU
		{C010074B-0435-4F7E-A104-34C829BD6EFF}.Release|Any CPU.ActiveCfg = Release|Any CPU
		{C010074B-0435-4F7E-A104-34C829BD6EFF}.Release|Any CPU.Build.0 = Release|Any CPU
	EndGlobalSection
	GlobalSection(SolutionProperties) = preSolution
		HideSolutionNode = FALSE
	EndGlobalSection
	GlobalSection(ExtensibilityGlobals) = postSolution
		SolutionGuid = {F450B5FB-B3EB-45F8-8BF0-0A1C357708E1}
	EndGlobalSection
EndGlobal
